
Microsoft Visual Studio Solution File, Format Version 12.00
# Visual Studio Version 17
VisualStudioVersion = 17.5.002.0
MinimumVisualStudioVersion = 10.0.40219.1
Project("{9A19103F-16F7-4668-BE54-9A1E7A4F7556}") = "OhMyOS", "OhMyOS\OhMyOS.csproj", "{DA31236C-8BC6-4CA5-9F5E-F4C78E4CD338}"
EndProject
Project("{9A19103F-16F7-4668-BE54-9A1E7A4F7556}") = "DemoConsole1", "DemoConsole1\DemoConsole1.csproj", "{FDA960F1-A6AB-4E9B-8094-12EDF19FC0BF}"
EndProject
Global
	GlobalSection(SolutionConfigurationPlatforms) = preSolution
		Debug|Any CPU = Debug|Any CPU
		Release|Any CPU = Release|Any CPU
	EndGlobalSection
	GlobalSection(ProjectConfigurationPlatforms) = postSolution
		{DA31236C-8BC6-4CA5-9F5E-F4C78E4CD338}.Debug|Any CPU.ActiveCfg = Debug|Any CPU
		{DA31236C-8BC6-4CA5-9F5E-F4C78E4CD338}.Debug|Any CPU.Build.0 = Debug|Any CPU
		{DA31236C-8BC6-4CA5-9F5E-F4C78E4CD338}.Release|Any CPU.ActiveCfg = Release|Any CPU
		{DA31236C-8BC6-4CA5-9F5E-F4C78E4CD338}.Release|Any CPU.Build.0 = Release|Any CPU
		{FDA960F1-A6AB-4E9B-8094-12EDF19FC0BF}.Debug|Any CPU.ActiveCfg = Debug|Any CPU
		{FDA960F1-A6AB-4E9B-8094-12EDF19FC0BF}.Debug|Any CPU.Build.0 = Debug|Any CPU
		{FDA960F1-A6AB-4E9B-8094-12EDF19FC0BF}.Release|Any CPU.ActiveCfg = Release|Any CPU
		{FDA960F1-A6AB-4E9B-8094-12EDF19FC0BF}.Release|Any CPU.Build.0 = Release|Any CPU
	EndGlobalSection
	GlobalSection(SolutionProperties) = preSolution
		HideSolutionNode = FALSE
	EndGlobalSection
	GlobalSection(ExtensibilityGlobals) = postSolution
		SolutionGuid = {7C2FACDE-62ED-4348-90CF-28D1A550C973}
	EndGlobalSection
EndGlobal
